dependencies:
- name: dex
  repository: https://charts.dexidp.io
  version: 0.25.2
- name: oauth2-proxy
  repository: https://oauth2-proxy.github.io/manifests
  version: 7.18.0
- name: httpbin
  repository: https://conservis.github.io/helm-charts
  version: 1.1.0
- name: hello-world
  repository: https://conservis.github.io/helm-charts
  version: 1.1.0
digest: sha256:d6afbb9139d483de13d15272486ed1ae04a5374fe9a2f918341ecab3f1d8af03
generated: "2026-10-05T14:35:37.640440555Z"
